{
  "version": 4,
  "terraform_version": "1.2.4",
  "serial": 8,
  "lineage": "54c5440a-61b4-b0f9-6598-7840fa0ac077",
  "outputs": {
    "github_repository": {
      "value": {
        "branches": [
          {
            "name": "main",
            "protected": false
          }
        ],
        "full_name": "library-ucsb/iac-lamp-legacy",
        "name": "iac-lamp-legacy",
        "node_id": "R_kgDOHuUBtQ",
        "repo_id": 518324661,
        "ssh_clone_url": "git@github.com:library-ucsb/iac-lamp-legacy.git"
      },
      "type": [
        "object",
        {
          "branches": [
            "list",
            [
              "object",
              {
                "name": "string",
                "protected": "bool"
              }
            ]
          ],
          "full_name": "string",
          "name": "string",
          "node_id": "string",
          "repo_id": "number",
          "ssh_clone_url": "string"
        }
      ]
    },
    "github_repository_project": {
      "value": {
        "branches": [
          {
            "name": "main",
            "protected": false
          }
        ],
        "full_name": "library-ucsb/iac-lamp-legacy",
        "name": "iac-lamp-legacy",
        "node_id": "R_kgDOHuUBtQ",
        "repo_id": 518324661,
        "ssh_clone_url": "git@github.com:library-ucsb/iac-lamp-legacy.git"
      },
      "type": [
        "object",
        {
          "branches": [
            "list",
            [
              "object",
              {
                "name": "string",
                "protected": "bool"
              }
            ]
          ],
          "full_name": "string",
          "name": "string",
          "node_id": "string",
          "repo_id": "number",
          "ssh_clone_url": "string"
        }
      ]
    }
  },
  "resources": [
    {
      "mode": "managed",
      "type": "github_branch_default",
      "name": "main",
      "provider": "provider[\"registry.terraform.io/integrations/github\"]",
      "instances": [
        {
          "schema_version": 0,
          "attributes": {
            "branch": "main",
            "id": "iac-lamp-legacy",
            "repository": "iac-lamp-legacy"
          },
          "sensitive_attributes": [],
          "private": "bnVsbA==",
          "dependencies": [
            "module.github_repository.github_repository.repo"
          ]
        }
      ]
    },
    {
      "module": "module.github_branch_protection",
      "mode": "managed",
      "type": "github_branch_protection",
      "name": "branch",
      "provider": "provider[\"registry.terraform.io/hashicorp/github\"]",
      "instances": [
        {
          "schema_version": 1,
          "attributes": {
            "allows_deletions": false,
            "allows_force_pushes": true,
            "blocks_creations": false,
            "enforce_admins": false,
            "id": "BPR_kwDOHuUBtc4Bo_ZM",
            "pattern": "main",
            "push_restrictions": null,
            "repository_id": "R_kgDOHuUBtQ",
            "require_conversation_resolution": false,
            "require_signed_commits": false,
            "required_linear_history": false,
            "required_pull_request_reviews": [
              {
                "dismiss_stale_reviews": false,
                "dismissal_restrictions": null,
                "pull_request_bypassers": null,
                "require_code_owner_reviews": false,
                "required_approving_review_count": 1,
                "restrict_dismissals": false
              }
            ],
            "required_status_checks": [
              {
                "contexts": null,
                "strict": false
              }
            ]
          },
          "sensitive_attributes": [],
          "private": "eyJzY2hlbWFfdmVyc2lvbiI6IjEifQ==",
          "dependencies": [
            "module.github_repository.github_repository.repo"
          ]
        }
      ]
    },
    {
      "module": "module.github_repository",
      "mode": "managed",
      "type": "github_repository",
      "name": "repo",
      "provider": "provider[\"registry.terraform.io/integrations/github\"]",
      "instances": [
        {
          "schema_version": 0,
          "attributes": {
            "allow_auto_merge": true,
            "allow_merge_commit": false,
            "allow_rebase_merge": true,
            "allow_squash_merge": true,
            "archive_on_destroy": false,
            "archived": false,
            "auto_init": true,
            "branches": [
              {
                "name": "main",
                "protected": false
              }
            ],
            "default_branch": "main",
            "delete_branch_on_merge": false,
            "description": "",
            "etag": "W/\"ee91984aa131a534ff1ffb08944cc1b398d304f5dfc5f51d4f4449cd5e844c04\"",
            "full_name": "library-ucsb/iac-lamp-legacy",
            "git_clone_url": "git://github.com/library-ucsb/iac-lamp-legacy.git",
            "gitignore_template": "",
            "has_downloads": false,
            "has_issues": false,
            "has_projects": false,
            "has_wiki": false,
            "homepage_url": "",
            "html_url": "https://github.com/library-ucsb/iac-lamp-legacy",
            "http_clone_url": "https://github.com/library-ucsb/iac-lamp-legacy.git",
            "id": "iac-lamp-legacy",
            "ignore_vulnerability_alerts_during_read": null,
            "is_template": false,
            "license_template": "",
            "name": "iac-lamp-legacy",
            "node_id": "R_kgDOHuUBtQ",
            "pages": [],
            "private": false,
            "repo_id": 518324661,
            "ssh_clone_url": "git@github.com:library-ucsb/iac-lamp-legacy.git",
            "svn_url": "https://github.com/library-ucsb/iac-lamp-legacy",
            "template": [],
            "topics": null,
            "visibility": "public",
            "vulnerability_alerts": false
          },
          "sensitive_attributes": [],
          "private": "bnVsbA=="
        }
      ]
    },
    {
      "module": "module.terraform_state_backend",
      "mode": "data",
      "type": "aws_iam_policy_document",
      "name": "prevent_unencrypted_uploads",
      "provider": "provider[\"registry.terraform.io/hashicorp/aws\"]",
      "instances": [
        {
          "index_key": 0,
          "schema_version": 0,
          "attributes": {
            "id": "784772167",
            "json": "{\n  \"Version\": \"2012-10-17\",\n  \"Statement\": [\n    {\n      \"Sid\": \"DenyIncorrectEncryptionHeader\",\n      \"Effect\": \"Deny\",\n      \"Action\": \"s3:PutObject\",\n      \"Resource\": \"arn:aws:s3:::ucsb-library-iac-lamp-legacy-terraform-state/*\",\n      \"Principal\": {\n        \"AWS\": \"*\"\n      },\n      \"Condition\": {\n        \"StringNotEquals\": {\n          \"s3:x-amz-server-side-encryption\": [\n            \"AES256\",\n            \"aws:kms\"\n          ]\n        }\n      }\n    },\n    {\n      \"Sid\": \"DenyUnEncryptedObjectUploads\",\n      \"Effect\": \"Deny\",\n      \"Action\": \"s3:PutObject\",\n      \"Resource\": \"arn:aws:s3:::ucsb-library-iac-lamp-legacy-terraform-state/*\",\n      \"Principal\": {\n        \"AWS\": \"*\"\n      },\n      \"Condition\": {\n        \"Null\": {\n          \"s3:x-amz-server-side-encryption\": \"true\"\n        }\n      }\n    },\n    {\n      \"Sid\": \"EnforceTlsRequestsOnly\",\n      \"Effect\": \"Deny\",\n      \"Action\": \"s3:*\",\n      \"Resource\": [\n        \"arn:aws:s3:::ucsb-library-iac-lamp-legacy-terraform-state/*\",\n        \"arn:aws:s3:::ucsb-library-iac-lamp-legacy-terraform-state\"\n      ],\n      \"Principal\": {\n        \"AWS\": \"*\"\n      },\n      \"Condition\": {\n        \"Bool\": {\n          \"aws:SecureTransport\": \"false\"\n        }\n      }\n    }\n  ]\n}",
            "override_json": null,
            "override_policy_documents": null,
            "policy_id": null,
            "source_json": null,
            "source_policy_documents": null,
            "statement": [
              {
                "actions": [
                  "s3:PutObject"
                ],
                "condition": [
                  {
                    "test": "StringNotEquals",
                    "values": [
                      "AES256",
                      "aws:kms"
                    ],
                    "variable": "s3:x-amz-server-side-encryption"
                  }
                ],
                "effect": "Deny",
                "not_actions": [],
                "not_principals": [],
                "not_resources": [],
                "principals": [
                  {
                    "identifiers": [
                      "*"
                    ],
                    "type": "AWS"
                  }
                ],
                "resources": [
                  "arn:aws:s3:::ucsb-library-iac-lamp-legacy-terraform-state/*"
                ],
                "sid": "DenyIncorrectEncryptionHeader"
              },
              {
                "actions": [
                  "s3:PutObject"
                ],
                "condition": [
                  {
                    "test": "Null",
                    "values": [
                      "true"
                    ],
                    "variable": "s3:x-amz-server-side-encryption"
                  }
                ],
                "effect": "Deny",
                "not_actions": [],
                "not_principals": [],
                "not_resources": [],
                "principals": [
                  {
                    "identifiers": [
                      "*"
                    ],
                    "type": "AWS"
                  }
                ],
                "resources": [
                  "arn:aws:s3:::ucsb-library-iac-lamp-legacy-terraform-state/*"
                ],
                "sid": "DenyUnEncryptedObjectUploads"
              },
              {
                "actions": [
                  "s3:*"
                ],
                "condition": [
                  {
                    "test": "Bool",
                    "values": [
                      "false"
                    ],
                    "variable": "aws:SecureTransport"
                  }
                ],
                "effect": "Deny",
                "not_actions": [],
                "not_principals": [],
                "not_resources": [],
                "principals": [
                  {
                    "identifiers": [
                      "*"
                    ],
                    "type": "AWS"
                  }
                ],
                "resources": [
                  "arn:aws:s3:::ucsb-library-iac-lamp-legacy-terraform-state",
                  "arn:aws:s3:::ucsb-library-iac-lamp-legacy-terraform-state/*"
                ],
                "sid": "EnforceTlsRequestsOnly"
              }
            ],
            "version": "2012-10-17"
          },
          "sensitive_attributes": []
        }
      ]
    },
    {
      "module": "module.terraform_state_backend",
      "mode": "data",
      "type": "aws_region",
      "name": "current",
      "provider": "provider[\"registry.terraform.io/hashicorp/aws\"]",
      "instances": [
        {
          "schema_version": 0,
          "attributes": {
            "description": "US West (Oregon)",
            "endpoint": "ec2.us-west-2.amazonaws.com",
            "id": "us-west-2",
            "name": "us-west-2"
          },
          "sensitive_attributes": []
        }
      ]
    },
    {
      "module": "module.terraform_state_backend",
      "mode": "managed",
      "type": "aws_dynamodb_table",
      "name": "with_server_side_encryption",
      "provider": "provider[\"registry.terraform.io/hashicorp/aws\"]",
      "instances": [
        {
          "index_key": 0,
          "schema_version": 1,
          "attributes": {
            "arn": "arn:aws:dynamodb:us-west-2:406663345920:table/ucsb-library-iac-lamp-legacy-terraform-state-lock",
            "attribute": [
              {
                "name": "LockID",
                "type": "S"
              }
            ],
            "billing_mode": "PROVISIONED",
            "global_secondary_index": [],
            "hash_key": "LockID",
            "id": "ucsb-library-iac-lamp-legacy-terraform-state-lock",
            "local_secondary_index": [],
            "name": "ucsb-library-iac-lamp-legacy-terraform-state-lock",
            "point_in_time_recovery": [
              {
                "enabled": true
              }
            ],
            "range_key": null,
            "read_capacity": 5,
            "replica": [],
            "restore_date_time": null,
            "restore_source_name": null,
            "restore_to_latest_time": null,
            "server_side_encryption": [
              {
                "enabled": true,
                "kms_key_arn": "arn:aws:kms:us-west-2:406663345920:key/b8c96bb0-3e90-4439-a00f-ff80889c0c94"
              }
            ],
            "stream_arn": "",
            "stream_enabled": false,
            "stream_label": "",
            "stream_view_type": "",
            "table_class": "",
            "tags": {
              "Attributes": "state-lock",
              "Environment": "iac",
              "Name": "ucsb-library-iac-lamp-legacy-terraform-state-lock",
              "Namespace": "ucsb-library",
              "Stage": "lamp-legacy"
            },
            "tags_all": {
              "Attributes": "state-lock",
              "Environment": "iac",
              "Name": "ucsb-library-iac-lamp-legacy-terraform-state-lock",
              "Namespace": "ucsb-library",
              "Stage": "lamp-legacy"
            },
            "timeouts": null,
            "ttl": [
              {
                "attribute_name": "",
                "enabled": false
              }
            ],
            "write_capacity": 5
          },
          "sensitive_attributes": [],
          "private": "eyJlMmJmYjczMC1lY2FhLTExZTYtOGY4OC0zNDM2M2JjN2M0YzAiOnsiY3JlYXRlIjoxODAwMDAwMDAwMDAwLCJkZWxldGUiOjYwMDAwMDAwMDAwMCwidXBkYXRlIjozNjAwMDAwMDAwMDAwfSwic2NoZW1hX3ZlcnNpb24iOiIxIn0="
        }
      ]
    },
    {
      "module": "module.terraform_state_backend",
      "mode": "managed",
      "type": "aws_s3_bucket",
      "name": "default",
      "provider": "provider[\"registry.terraform.io/hashicorp/aws\"]",
      "instances": [
        {
          "index_key": 0,
          "schema_version": 0,
          "attributes": {
            "acceleration_status": "",
            "acl": "private",
            "arn": "arn:aws:s3:::ucsb-library-iac-lamp-legacy-terraform-state",
            "bucket": "ucsb-library-iac-lamp-legacy-terraform-state",
            "bucket_domain_name": "ucsb-library-iac-lamp-legacy-terraform-state.s3.amazonaws.com",
            "bucket_prefix": null,
            "bucket_regional_domain_name": "ucsb-library-iac-lamp-legacy-terraform-state.s3.us-west-2.amazonaws.com",
            "cors_rule": [],
            "force_destroy": false,
            "grant": [
              {
                "id": "bdcdd12a914697cb7a7efcedfcf4ae32e29187e2a92fa46f7a239a407b6a4848",
                "permissions": [
                  "FULL_CONTROL"
                ],
                "type": "CanonicalUser",
                "uri": ""
              }
            ],
            "hosted_zone_id": "Z3BJ6K6RIION7M",
            "id": "ucsb-library-iac-lamp-legacy-terraform-state",
            "lifecycle_rule": [],
            "logging": [],
            "object_lock_configuration": [],
            "object_lock_enabled": false,
            "policy": "{\"Version\":\"2012-10-17\",\"Statement\":[{\"Sid\":\"DenyIncorrectEncryptionHeader\",\"Effect\":\"Deny\",\"Principal\":{\"AWS\":\"*\"},\"Action\":\"s3:PutObject\",\"Resource\":\"arn:aws:s3:::ucsb-library-iac-lamp-legacy-terraform-state/*\",\"Condition\":{\"StringNotEquals\":{\"s3:x-amz-server-side-encryption\":[\"AES256\",\"aws:kms\"]}}},{\"Sid\":\"DenyUnEncryptedObjectUploads\",\"Effect\":\"Deny\",\"Principal\":{\"AWS\":\"*\"},\"Action\":\"s3:PutObject\",\"Resource\":\"arn:aws:s3:::ucsb-library-iac-lamp-legacy-terraform-state/*\",\"Condition\":{\"Null\":{\"s3:x-amz-server-side-encryption\":\"true\"}}},{\"Sid\":\"EnforceTlsRequestsOnly\",\"Effect\":\"Deny\",\"Principal\":{\"AWS\":\"*\"},\"Action\":\"s3:*\",\"Resource\":[\"arn:aws:s3:::ucsb-library-iac-lamp-legacy-terraform-state/*\",\"arn:aws:s3:::ucsb-library-iac-lamp-legacy-terraform-state\"],\"Condition\":{\"Bool\":{\"aws:SecureTransport\":\"false\"}}}]}",
            "region": "us-west-2",
            "replication_configuration": [],
            "request_payer": "BucketOwner",
            "server_side_encryption_configuration": [
              {
                "rule": [
                  {
                    "apply_server_side_encryption_by_default": [
                      {
                        "kms_master_key_id": "",
                        "sse_algorithm": "AES256"
                      }
                    ],
                    "bucket_key_enabled": false
                  }
                ]
              }
            ],
            "tags": {
              "Attributes": "state",
              "Environment": "iac",
              "Name": "ucsb-library-iac-lamp-legacy-terraform-state",
              "Namespace": "ucsb-library",
              "Stage": "lamp-legacy"
            },
            "tags_all": {
              "Attributes": "state",
              "Environment": "iac",
              "Name": "ucsb-library-iac-lamp-legacy-terraform-state",
              "Namespace": "ucsb-library",
              "Stage": "lamp-legacy"
            },
            "versioning": [
              {
                "enabled": true,
                "mfa_delete": false
              }
            ],
            "website": [],
            "website_domain": null,
            "website_endpoint": null
          },
          "sensitive_attributes": [],
          "private": "bnVsbA==",
          "dependencies": [
            "module.terraform_state_backend.aws_iam_role.replication",
            "module.terraform_state_backend.data.aws_iam_policy_document.prevent_unencrypted_uploads",
            "module.terraform_state_backend.module.log_storage.aws_s3_bucket.default"
          ]
        }
      ]
    },
    {
      "module": "module.terraform_state_backend",
      "mode": "managed",
      "type": "aws_s3_bucket_public_access_block",
      "name": "default",
      "provider": "provider[\"registry.terraform.io/hashicorp/aws\"]",
      "instances": [
        {
          "index_key": 0,
          "schema_version": 0,
          "attributes": {
            "block_public_acls": true,
            "block_public_policy": true,
            "bucket": "ucsb-library-iac-lamp-legacy-terraform-state",
            "id": "ucsb-library-iac-lamp-legacy-terraform-state",
            "ignore_public_acls": true,
            "restrict_public_buckets": true
          },
          "sensitive_attributes": [],
          "private": "bnVsbA==",
          "dependencies": [
            "module.terraform_state_backend.aws_iam_role.replication",
            "module.terraform_state_backend.aws_s3_bucket.default",
            "module.terraform_state_backend.data.aws_iam_policy_document.prevent_unencrypted_uploads",
            "module.terraform_state_backend.module.log_storage.aws_s3_bucket.default"
          ]
        }
      ]
    },
    {
      "module": "module.terraform_state_backend",
      "mode": "managed",
      "type": "local_file",
      "name": "terraform_backend_config",
      "provider": "provider[\"registry.terraform.io/hashicorp/local\"]",
      "instances": [
        {
          "index_key": 0,
          "schema_version": 0,
          "attributes": {
            "content": "terraform {\n  required_version = \"\u003e= 0.12.2\"\n\n  backend \"s3\" {\n    region         = \"us-west-2\"\n    bucket         = \"ucsb-library-iac-lamp-legacy-terraform-state\"\n    key            = \"terraform.tfstate\"\n    dynamodb_table = \"ucsb-library-iac-lamp-legacy-terraform-state-lock\"\n    profile        = \"\"\n    role_arn       = \"\"\n    encrypt        = \"true\"\n  }\n}\n",
            "content_base64": null,
            "directory_permission": "0777",
            "file_permission": "0644",
            "filename": "./backend.tf",
            "id": "53d49f3d9989eab2debc047e97176244327e9cdb",
            "sensitive_content": null,
            "source": null
          },
          "sensitive_attributes": [],
          "private": "bnVsbA==",
          "dependencies": [
            "module.terraform_state_backend.aws_dynamodb_table.with_server_side_encryption",
            "module.terraform_state_backend.aws_dynamodb_table.without_server_side_encryption",
            "module.terraform_state_backend.aws_iam_role.replication",
            "module.terraform_state_backend.aws_s3_bucket.default",
            "module.terraform_state_backend.data.aws_iam_policy_document.prevent_unencrypted_uploads",
            "module.terraform_state_backend.data.aws_region.current",
            "module.terraform_state_backend.module.log_storage.aws_s3_bucket.default"
          ]
        }
      ]
    },
    {
      "module": "module.terraform_state_backend.module.log_storage",
      "mode": "data",
      "type": "aws_caller_identity",
      "name": "current",
      "provider": "provider[\"registry.terraform.io/hashicorp/aws\"]",
      "instances": [
        {
          "schema_version": 0,
          "attributes": {
            "account_id": "406663345920",
            "arn": "arn:aws:sts::406663345920:assumed-role/ucsb-role-terraform-full/1658899145279753951",
            "id": "406663345920",
            "user_id": "AROAV5LYGG4ANO65ZDIEM:1658899145279753951"
          },
          "sensitive_attributes": []
        }
      ]
    },
    {
      "module": "module.terraform_state_backend.module.log_storage",
      "mode": "data",
      "type": "aws_partition",
      "name": "current",
      "provider": "provider[\"registry.terraform.io/hashicorp/aws\"]",
      "instances": [
        {
          "schema_version": 0,
          "attributes": {
            "dns_suffix": "amazonaws.com",
            "id": "aws",
            "partition": "aws",
            "reverse_dns_prefix": "com.amazonaws"
          },
          "sensitive_attributes": []
        }
      ]
    }
  ]
}
